
Microsoft Visual Studio Solution File, Format Version 12.00
# Visual Studio 14
VisualStudioVersion = 14.0.24720.0
MinimumVisualStudioVersion = 10.0.40219.1
Project("{262852C6-CD72-467D-83FE-5EEB1973A190}") = "FanDaction", "FanDaction\FanDaction.jsproj", "{12F5F2B6-D874-41E8-A565-EB240EA0FB6D}"
EndProject
Project("{FAE04EC0-301F-11D3-BF4B-00C04F79EFBC}") = "FanDaction.Core", "FanDaction.Core\FanDaction.Core.csproj", "{F1B196A1-5797-4248-911E-93C9CB61F226}"
EndProject
Project("{FAE04EC0-301F-11D3-BF4B-00C04F79EFBC}") = "FanDaction.Data", "FanDaction.Data\FanDaction.Data.csproj", "{0593DB89-8045-4176-A4B1-8D2DACE86196}"
EndProject
Project("{FAE04EC0-301F-11D3-BF4B-00C04F79EFBC}") = "FanDaction.ApiControllers", "FanDaction.ApiControllers\FanDaction.ApiControllers.csproj", "{AE5D2B03-AD8F-4808-828D-EBAC5981D393}"
EndProject
Project("{FAE04EC0-301F-11D3-BF4B-00C04F79EFBC}") = "FanDaction.ConsoleService", "FanDaction.ConsoleService\FanDaction.ConsoleService.csproj", "{7296CAEA-1138-40BC-B681-AD380A365F8D}"
EndProject
Project("{262852C6-CD72-467D-83FE-5EEB1973A190}") = "FanDaction.Backend", "FanDaction.Backend\FanDaction.Backend.jsproj", "{F08B97A4-8E39-46D3-BFD6-9B11D1052BCE}"
EndProject
Project("{2150E333-8FDC-42A3-9474-1A3956D46DE8}") = "App", "App", "{DFF11FE1-E68B-4DB5-A204-79FFDC34E2DB}"
EndProject
Project("{2150E333-8FDC-42A3-9474-1A3956D46DE8}") = "Core", "Core", "{0B6A14D9-8240-47CF-9856-4F4C58440E01}"
EndProject
Project("{2150E333-8FDC-42A3-9474-1A3956D46DE8}") = "Services", "Services", "{9318435A-639A-4E96-8392-7A969C5D0BED}"
EndProject
Global
	GlobalSection(SolutionConfigurationPlatforms) = preSolution
		Debug|Any CPU = Debug|Any CPU
		Debug|ARM = Debug|ARM
		Debug|x64 = Debug|x64
		Debug|x86 = Debug|x86
		Release|Any CPU = Release|Any CPU
		Release|ARM = Release|ARM
		Release|x64 = Release|x64
		Release|x86 = Release|x86
	EndGlobalSection
	GlobalSection(ProjectConfigurationPlatforms) = postSolution
		{12F5F2B6-D874-41E8-A565-EB240EA0FB6D}.Debug|Any CPU.ActiveCfg = Debug|Any CPU
		{12F5F2B6-D874-41E8-A565-EB240EA0FB6D}.Debug|Any CPU.Build.0 = Debug|Any CPU
		{12F5F2B6-D874-41E8-A565-EB240EA0FB6D}.Debug|Any CPU.Deploy.0 = Debug|Any CPU
		{12F5F2B6-D874-41E8-A565-EB240EA0FB6D}.Debug|ARM.ActiveCfg = Debug|ARM
		{12F5F2B6-D874-41E8-A565-EB240EA0FB6D}.Debug|ARM.Build.0 = Debug|ARM
		{12F5F2B6-D874-41E8-A565-EB240EA0FB6D}.Debug|ARM.Deploy.0 = Debug|ARM
		{12F5F2B6-D874-41E8-A565-EB240EA0FB6D}.Debug|x64.ActiveCfg = Debug|x64
		{12F5F2B6-D874-41E8-A565-EB240EA0FB6D}.Debug|x64.Build.0 = Debug|x64
		{12F5F2B6-D874-41E8-A565-EB240EA0FB6D}.Debug|x64.Deploy.0 = Debug|x64
		{12F5F2B6-D874-41E8-A565-EB240EA0FB6D}.Debug|x86.ActiveCfg = Debug|x86
		{12F5F2B6-D874-41E8-A565-EB240EA0FB6D}.Debug|x86.Build.0 = Debug|x86
		{12F5F2B6-D874-41E8-A565-EB240EA0FB6D}.Debug|x86.Deploy.0 = Debug|x86
		{12F5F2B6-D874-41E8-A565-EB240EA0FB6D}.Release|Any CPU.ActiveCfg = Release|Any CPU
		{12F5F2B6-D874-41E8-A565-EB240EA0FB6D}.Release|Any CPU.Build.0 = Release|Any CPU
		{12F5F2B6-D874-41E8-A565-EB240EA0FB6D}.Release|Any CPU.Deploy.0 = Release|Any CPU
		{12F5F2B6-D874-41E8-A565-EB240EA0FB6D}.Release|ARM.ActiveCfg = Release|ARM
		{12F5F2B6-D874-41E8-A565-EB240EA0FB6D}.Release|ARM.Build.0 = Release|ARM
		{12F5F2B6-D874-41E8-A565-EB240EA0FB6D}.Release|ARM.Deploy.0 = Release|ARM
		{12F5F2B6-D874-41E8-A565-EB240EA0FB6D}.Release|x64.ActiveCfg = Release|x64
		{12F5F2B6-D874-41E8-A565-EB240EA0FB6D}.Release|x64.Build.0 = Release|x64
		{12F5F2B6-D874-41E8-A565-EB240EA0FB6D}.Release|x64.Deploy.0 = Release|x64
		{12F5F2B6-D874-41E8-A565-EB240EA0FB6D}.Release|x86.ActiveCfg = Release|x86
		{12F5F2B6-D874-41E8-A565-EB240EA0FB6D}.Release|x86.Build.0 = Release|x86
		{12F5F2B6-D874-41E8-A565-EB240EA0FB6D}.Release|x86.Deploy.0 = Release|x86
		{F1B196A1-5797-4248-911E-93C9CB61F226}.Debug|Any CPU.ActiveCfg = Debug|Any CPU
		{F1B196A1-5797-4248-911E-93C9CB61F226}.Debug|Any CPU.Build.0 = Debug|Any CPU
		{F1B196A1-5797-4248-911E-93C9CB61F226}.Debug|ARM.ActiveCfg = Debug|Any CPU
		{F1B196A1-5797-4248-911E-93C9CB61F226}.Debug|ARM.Build.0 = Debug|Any CPU
		{F1B196A1-5797-4248-911E-93C9CB61F226}.Debug|x64.ActiveCfg = Debug|Any CPU
		{F1B196A1-5797-4248-911E-93C9CB61F226}.Debug|x64.Build.0 = Debug|Any CPU
		{F1B196A1-5797-4248-911E-93C9CB61F226}.Debug|x86.ActiveCfg = Debug|Any CPU
		{F1B196A1-5797-4248-911E-93C9CB61F226}.Debug|x86.Build.0 = Debug|Any CPU
		{F1B196A1-5797-4248-911E-93C9CB61F226}.Release|Any CPU.ActiveCfg = Release|Any CPU
		{F1B196A1-5797-4248-911E-93C9CB61F226}.Release|Any CPU.Build.0 = Release|Any CPU
		{F1B196A1-5797-4248-911E-93C9CB61F226}.Release|ARM.ActiveCfg = Release|Any CPU
		{F1B196A1-5797-4248-911E-93C9CB61F226}.Release|ARM.Build.0 = Release|Any CPU
		{F1B196A1-5797-4248-911E-93C9CB61F226}.Release|x64.ActiveCfg = Release|Any CPU
		{F1B196A1-5797-4248-911E-93C9CB61F226}.Release|x64.Build.0 = Release|Any CPU
		{F1B196A1-5797-4248-911E-93C9CB61F226}.Release|x86.ActiveCfg = Release|Any CPU
		{F1B196A1-5797-4248-911E-93C9CB61F226}.Release|x86.Build.0 = Release|Any CPU
		{0593DB89-8045-4176-A4B1-8D2DACE86196}.Debug|Any CPU.ActiveCfg = Debug|Any CPU
		{0593DB89-8045-4176-A4B1-8D2DACE86196}.Debug|Any CPU.Build.0 = Debug|Any CPU
		{0593DB89-8045-4176-A4B1-8D2DACE86196}.Debug|ARM.ActiveCfg = Debug|Any CPU
		{0593DB89-8045-4176-A4B1-8D2DACE86196}.Debug|ARM.Build.0 = Debug|Any CPU
		{0593DB89-8045-4176-A4B1-8D2DACE86196}.Debug|x64.ActiveCfg = Debug|Any CPU
		{0593DB89-8045-4176-A4B1-8D2DACE86196}.Debug|x64.Build.0 = Debug|Any CPU
		{0593DB89-8045-4176-A4B1-8D2DACE86196}.Debug|x86.ActiveCfg = Debug|Any CPU
		{0593DB89-8045-4176-A4B1-8D2DACE86196}.Debug|x86.Build.0 = Debug|Any CPU
		{0593DB89-8045-4176-A4B1-8D2DACE86196}.Release|Any CPU.ActiveCfg = Release|Any CPU
		{0593DB89-8045-4176-A4B1-8D2DACE86196}.Release|Any CPU.Build.0 = Release|Any CPU
		{0593DB89-8045-4176-A4B1-8D2DACE86196}.Release|ARM.ActiveCfg = Release|Any CPU
		{0593DB89-8045-4176-A4B1-8D2DACE86196}.Release|ARM.Build.0 = Release|Any CPU
		{0593DB89-8045-4176-A4B1-8D2DACE86196}.Release|x64.ActiveCfg = Release|Any CPU
		{0593DB89-8045-4176-A4B1-8D2DACE86196}.Release|x64.Build.0 = Release|Any CPU
		{0593DB89-8045-4176-A4B1-8D2DACE86196}.Release|x86.ActiveCfg = Release|Any CPU
		{0593DB89-8045-4176-A4B1-8D2DACE86196}.Release|x86.Build.0 = Release|Any CPU
		{AE5D2B03-AD8F-4808-828D-EBAC5981D393}.Debug|Any CPU.ActiveCfg = Debug|Any CPU
		{AE5D2B03-AD8F-4808-828D-EBAC5981D393}.Debug|Any CPU.Build.0 = Debug|Any CPU
		{AE5D2B03-AD8F-4808-828D-EBAC5981D393}.Debug|ARM.ActiveCfg = Debug|Any CPU
		{AE5D2B03-AD8F-4808-828D-EBAC5981D393}.Debug|ARM.Build.0 = Debug|Any CPU
		{AE5D2B03-AD8F-4808-828D-EBAC5981D393}.Debug|x64.ActiveCfg = Debug|Any CPU
		{AE5D2B03-AD8F-4808-828D-EBAC5981D393}.Debug|x64.Build.0 = Debug|Any CPU
		{AE5D2B03-AD8F-4808-828D-EBAC5981D393}.Debug|x86.ActiveCfg = Debug|Any CPU
		{AE5D2B03-AD8F-4808-828D-EBAC5981D393}.Debug|x86.Build.0 = Debug|Any CPU
		{AE5D2B03-AD8F-4808-828D-EBAC5981D393}.Release|Any CPU.ActiveCfg = Release|Any CPU
		{AE5D2B03-AD8F-4808-828D-EBAC5981D393}.Release|Any CPU.Build.0 = Release|Any CPU
		{AE5D2B03-AD8F-4808-828D-EBAC5981D393}.Release|ARM.ActiveCfg = Release|Any CPU
		{AE5D2B03-AD8F-4808-828D-EBAC5981D393}.Release|ARM.Build.0 = Release|Any CPU
		{AE5D2B03-AD8F-4808-828D-EBAC5981D393}.Release|x64.ActiveCfg = Release|Any CPU
		{AE5D2B03-AD8F-4808-828D-EBAC5981D393}.Release|x64.Build.0 = Release|Any CPU
		{AE5D2B03-AD8F-4808-828D-EBAC5981D393}.Release|x86.ActiveCfg = Release|Any CPU
		{AE5D2B03-AD8F-4808-828D-EBAC5981D393}.Release|x86.Build.0 = Release|Any CPU
		{7296CAEA-1138-40BC-B681-AD380A365F8D}.Debug|Any CPU.ActiveCfg = Debug|Any CPU
		{7296CAEA-1138-40BC-B681-AD380A365F8D}.Debug|Any CPU.Build.0 = Debug|Any CPU
		{7296CAEA-1138-40BC-B681-AD380A365F8D}.Debug|ARM.ActiveCfg = Debug|Any CPU
		{7296CAEA-1138-40BC-B681-AD380A365F8D}.Debug|ARM.Build.0 = Debug|Any CPU
		{7296CAEA-1138-40BC-B681-AD380A365F8D}.Debug|x64.ActiveCfg = Debug|Any CPU
		{7296CAEA-1138-40BC-B681-AD380A365F8D}.Debug|x64.Build.0 = Debug|Any CPU
		{7296CAEA-1138-40BC-B681-AD380A365F8D}.Debug|x86.ActiveCfg = Debug|Any CPU
		{7296CAEA-1138-40BC-B681-AD380A365F8D}.Debug|x86.Build.0 = Debug|Any CPU
		{7296CAEA-1138-40BC-B681-AD380A365F8D}.Release|Any CPU.ActiveCfg = Release|Any CPU
		{7296CAEA-1138-40BC-B681-AD380A365F8D}.Release|Any CPU.Build.0 = Release|Any CPU
		{7296CAEA-1138-40BC-B681-AD380A365F8D}.Release|ARM.ActiveCfg = Release|Any CPU
		{7296CAEA-1138-40BC-B681-AD380A365F8D}.Release|ARM.Build.0 = Release|Any CPU
		{7296CAEA-1138-40BC-B681-AD380A365F8D}.Release|x64.ActiveCfg = Release|Any CPU
		{7296CAEA-1138-40BC-B681-AD380A365F8D}.Release|x64.Build.0 = Release|Any CPU
		{7296CAEA-1138-40BC-B681-AD380A365F8D}.Release|x86.ActiveCfg = Release|Any CPU
		{7296CAEA-1138-40BC-B681-AD380A365F8D}.Release|x86.Build.0 = Release|Any CPU
		{F08B97A4-8E39-46D3-BFD6-9B11D1052BCE}.Debug|Any CPU.ActiveCfg = Debug|Any CPU
		{F08B97A4-8E39-46D3-BFD6-9B11D1052BCE}.Debug|Any CPU.Build.0 = Debug|Any CPU
		{F08B97A4-8E39-46D3-BFD6-9B11D1052BCE}.Debug|Any CPU.Deploy.0 = Debug|Any CPU
		{F08B97A4-8E39-46D3-BFD6-9B11D1052BCE}.Debug|ARM.ActiveCfg = Debug|ARM
		{F08B97A4-8E39-46D3-BFD6-9B11D1052BCE}.Debug|ARM.Build.0 = Debug|ARM
		{F08B97A4-8E39-46D3-BFD6-9B11D1052BCE}.Debug|ARM.Deploy.0 = Debug|ARM
		{F08B97A4-8E39-46D3-BFD6-9B11D1052BCE}.Debug|x64.ActiveCfg = Debug|x64
		{F08B97A4-8E39-46D3-BFD6-9B11D1052BCE}.Debug|x64.Build.0 = Debug|x64
		{F08B97A4-8E39-46D3-BFD6-9B11D1052BCE}.Debug|x64.Deploy.0 = Debug|x64
		{F08B97A4-8E39-46D3-BFD6-9B11D1052BCE}.Debug|x86.ActiveCfg = Debug|x86
		{F08B97A4-8E39-46D3-BFD6-9B11D1052BCE}.Debug|x86.Build.0 = Debug|x86
		{F08B97A4-8E39-46D3-BFD6-9B11D1052BCE}.Debug|x86.Deploy.0 = Debug|x86
		{F08B97A4-8E39-46D3-BFD6-9B11D1052BCE}.Release|Any CPU.ActiveCfg = Release|Any CPU
		{F08B97A4-8E39-46D3-BFD6-9B11D1052BCE}.Release|Any CPU.Build.0 = Release|Any CPU
		{F08B97A4-8E39-46D3-BFD6-9B11D1052BCE}.Release|Any CPU.Deploy.0 = Release|Any CPU
		{F08B97A4-8E39-46D3-BFD6-9B11D1052BCE}.Release|ARM.ActiveCfg = Release|ARM
		{F08B97A4-8E39-46D3-BFD6-9B11D1052BCE}.Release|ARM.Build.0 = Release|ARM
		{F08B97A4-8E39-46D3-BFD6-9B11D1052BCE}.Release|ARM.Deploy.0 = Release|ARM
		{F08B97A4-8E39-46D3-BFD6-9B11D1052BCE}.Release|x64.ActiveCfg = Release|x64
		{F08B97A4-8E39-46D3-BFD6-9B11D1052BCE}.Release|x64.Build.0 = Release|x64
		{F08B97A4-8E39-46D3-BFD6-9B11D1052BCE}.Release|x64.Deploy.0 = Release|x64
		{F08B97A4-8E39-46D3-BFD6-9B11D1052BCE}.Release|x86.ActiveCfg = Release|x86
		{F08B97A4-8E39-46D3-BFD6-9B11D1052BCE}.Release|x86.Build.0 = Release|x86
		{F08B97A4-8E39-46D3-BFD6-9B11D1052BCE}.Release|x86.Deploy.0 = Release|x86
	EndGlobalSection
	GlobalSection(SolutionProperties) = preSolution
		HideSolutionNode = FALSE
	EndGlobalSection
	GlobalSection(NestedProjects) = preSolution
		{12F5F2B6-D874-41E8-A565-EB240EA0FB6D} = {DFF11FE1-E68B-4DB5-A204-79FFDC34E2DB}
		{F1B196A1-5797-4248-911E-93C9CB61F226} = {0B6A14D9-8240-47CF-9856-4F4C58440E01}
		{0593DB89-8045-4176-A4B1-8D2DACE86196} = {0B6A14D9-8240-47CF-9856-4F4C58440E01}
		{AE5D2B03-AD8F-4808-828D-EBAC5981D393} = {0B6A14D9-8240-47CF-9856-4F4C58440E01}
		{7296CAEA-1138-40BC-B681-AD380A365F8D} = {9318435A-639A-4E96-8392-7A969C5D0BED}
		{F08B97A4-8E39-46D3-BFD6-9B11D1052BCE} = {DFF11FE1-E68B-4DB5-A204-79FFDC34E2DB}
	EndGlobalSection
EndGlobal
